
Microsoft Visual Studio Solution File, Format Version 12.00
# Visual Studio Version 17
VisualStudioVersion = 17.2.32630.192
MinimumVisualStudioVersion = 10.0.40219.1
Project("{9A19103F-16F7-4668-BE54-9A1E7A4F7556}") = "R5T.F0075.Construction", "R5T.F0075.Construction\R5T.F0075.Construction.csproj", "{0E5DD999-945A-4AC1-9357-395215603B51}"
EndProject
Project("{9A19103F-16F7-4668-BE54-9A1E7A4F7556}") = "R5T.F0075", "R5T.F0075\R5T.F0075.csproj", "{367709C4-4A53-4EDC-9DBE-21F1D4BCDA08}"
EndProject
Project("{2150E333-8FDC-42A3-9474-1A3956D46DE8}") = "_Dependencies", "_Dependencies", "{0F306B17-F44B-4F69-81C5-BBC8D28D02A7}"
EndProject
Project("{9A19103F-16F7-4668-BE54-9A1E7A4F7556}") = "R5T.F0074", "..\..\R5T.F0074\source\R5T.F0074\R5T.F0074.csproj", "{02DF5D8A-8848-4108-B7AD-0A26319D6726}"
EndProject
Project("{9A19103F-16F7-4668-BE54-9A1E7A4F7556}") = "R5T.T0141", "..\..\R5T.T0141\source\R5T.T0141\R5T.T0141.csproj", "{8964E5F8-4241-4729-9A3B-CFB4930725E8}"
EndProject
Project("{9A19103F-16F7-4668-BE54-9A1E7A4F7556}") = "R5T.Z0017", "..\..\R5T.Z0017.Private\source\R5T.Z0017\R5T.Z0017.csproj", "{098A381F-5261-455B-BC4C-B3532BCB9CD8}"
EndProject
Project("{9A19103F-16F7-4668-BE54-9A1E7A4F7556}") = "R5T.F0000", "..\..\R5T.F0000\source\R5T.F0000\R5T.F0000.csproj", "{0D6A1B49-6BB3-4905-A232-4F124FE0F50B}"
EndProject
Project("{9A19103F-16F7-4668-BE54-9A1E7A4F7556}") = "R5T.F0002", "..\..\R5T.F0002\source\R5T.F0002\R5T.F0002.csproj", "{BB6B5915-5289-4BD5-81E1-BA8C9F4739C0}"
EndProject
Project("{9A19103F-16F7-4668-BE54-9A1E7A4F7556}") = "R5T.F0032", "..\..\R5T.F0032\source\R5T.F0032\R5T.F0032.csproj", "{B3AC013D-4E49-4CE4-BB35-D870CB44CBF4}"
EndProject
Project("{9A19103F-16F7-4668-BE54-9A1E7A4F7556}") = "R5T.NG0008", "..\..\R5T.NG0008\source\R5T.NG0008\R5T.NG0008.csproj", "{F335C958-8AF9-41DC-A916-1CC47E02C6B8}"
EndProject
Project("{9A19103F-16F7-4668-BE54-9A1E7A4F7556}") = "R5T.NG0013", "..\..\R5T.NG0013\source\R5T.NG0013\R5T.NG0013.csproj", "{9A872B66-D357-479E-89F5-527782F96FB7}"
EndProject
Project("{9A19103F-16F7-4668-BE54-9A1E7A4F7556}") = "R5T.T0131", "..\..\R5T.T0131\source\R5T.T0131\R5T.T0131.csproj", "{94738D9A-BA04-46A6-9469-F196AC8A5983}"
EndProject
Project("{9A19103F-16F7-4668-BE54-9A1E7A4F7556}") = "R5T.T0132", "..\..\R5T.T0132\source\R5T.T0132\R5T.T0132.csproj", "{C7B72BFF-5F62-4964-B18C-F8E532950875}"
EndProject
Project("{9A19103F-16F7-4668-BE54-9A1E7A4F7556}") = "R5T.T0142", "..\..\R5T.T0142\source\R5T.T0142\R5T.T0142.csproj", "{F3F3D8F9-4AA5-4D2B-AC76-793BFFE8936C}"
EndProject
Project("{9A19103F-16F7-4668-BE54-9A1E7A4F7556}") = "R5T.T0143", "..\..\R5T.T0143\source\R5T.T0143\R5T.T0143.csproj", "{61FD0771-C86A-4483-A1EF-B987A995E040}"
EndProject
Project("{9A19103F-16F7-4668-BE54-9A1E7A4F7556}") = "R5T.T0146", "..\..\R5T.T0146\source\R5T.T0146\R5T.T0146.csproj", "{AF515826-61F4-4758-A4BE-B10467AF0617}"
EndProject
Project("{9A19103F-16F7-4668-BE54-9A1E7A4F7556}") = "R5T.T0150", "..\..\R5T.T0150\source\R5T.T0150\R5T.T0150.csproj", "{A52DA557-5AD9-45F3-8F6F-7E4DC5D3BE3B}"
EndProject
Project("{9A19103F-16F7-4668-BE54-9A1E7A4F7556}") = "R5T.T0151", "..\..\R5T.T0151\source\R5T.T0151\R5T.T0151.csproj", "{4297F3B2-9B3C-446D-8736-77A8E9AE2FBA}"
EndProject
Project("{9A19103F-16F7-4668-BE54-9A1E7A4F7556}") = "R5T.Y0000", "..\..\R5T.Y0000\source\R5T.Y0000\R5T.Y0000.csproj", "{5523C091-A03B-41B0-A509-AC3C07B161CD}"
EndProject
Project("{9A19103F-16F7-4668-BE54-9A1E7A4F7556}") = "R5T.Z0000", "..\..\R5T.Z0000\source\R5T.Z0000\R5T.Z0000.csproj", "{48F0995C-E319-4345-B1F7-07DA00F9568E}"
EndProject
Global
	GlobalSection(NestedProjects) = preSolution
		{02DF5D8A-8848-4108-B7AD-0A26319D6726} = {0F306B17-F44B-4F69-81C5-BBC8D28D02A7}
		{8964E5F8-4241-4729-9A3B-CFB4930725E8} = {0F306B17-F44B-4F69-81C5-BBC8D28D02A7}
		{098A381F-5261-455B-BC4C-B3532BCB9CD8} = {0F306B17-F44B-4F69-81C5-BBC8D28D02A7}
		{0D6A1B49-6BB3-4905-A232-4F124FE0F50B} = {0F306B17-F44B-4F69-81C5-BBC8D28D02A7}
		{BB6B5915-5289-4BD5-81E1-BA8C9F4739C0} = {0F306B17-F44B-4F69-81C5-BBC8D28D02A7}
		{B3AC013D-4E49-4CE4-BB35-D870CB44CBF4} = {0F306B17-F44B-4F69-81C5-BBC8D28D02A7}
		{F335C958-8AF9-41DC-A916-1CC47E02C6B8} = {0F306B17-F44B-4F69-81C5-BBC8D28D02A7}
		{9A872B66-D357-479E-89F5-527782F96FB7} = {0F306B17-F44B-4F69-81C5-BBC8D28D02A7}
		{94738D9A-BA04-46A6-9469-F196AC8A5983} = {0F306B17-F44B-4F69-81C5-BBC8D28D02A7}
		{C7B72BFF-5F62-4964-B18C-F8E532950875} = {0F306B17-F44B-4F69-81C5-BBC8D28D02A7}
		{F3F3D8F9-4AA5-4D2B-AC76-793BFFE8936C} = {0F306B17-F44B-4F69-81C5-BBC8D28D02A7}
		{61FD0771-C86A-4483-A1EF-B987A995E040} = {0F306B17-F44B-4F69-81C5-BBC8D28D02A7}
		{AF515826-61F4-4758-A4BE-B10467AF0617} = {0F306B17-F44B-4F69-81C5-BBC8D28D02A7}
		{A52DA557-5AD9-45F3-8F6F-7E4DC5D3BE3B} = {0F306B17-F44B-4F69-81C5-BBC8D28D02A7}
		{4297F3B2-9B3C-446D-8736-77A8E9AE2FBA} = {0F306B17-F44B-4F69-81C5-BBC8D28D02A7}
		{5523C091-A03B-41B0-A509-AC3C07B161CD} = {0F306B17-F44B-4F69-81C5-BBC8D28D02A7}
		{48F0995C-E319-4345-B1F7-07DA00F9568E} = {0F306B17-F44B-4F69-81C5-BBC8D28D02A7}
	EndGlobalSection
	GlobalSection(SolutionConfigurationPlatforms) = preSolution
		Debug|Any CPU = Debug|Any CPU
		Release|Any CPU = Release|Any CPU
	EndGlobalSection
	GlobalSection(ProjectConfigurationPlatforms) = postSolution
		{0E5DD999-945A-4AC1-9357-395215603B51}.Debug|Any CPU.ActiveCfg = Debug|Any CPU
		{0E5DD999-945A-4AC1-9357-395215603B51}.Debug|Any CPU.Build.0 = Debug|Any CPU
		{0E5DD999-945A-4AC1-9357-395215603B51}.Release|Any CPU.ActiveCfg = Release|Any CPU
		{0E5DD999-945A-4AC1-9357-395215603B51}.Release|Any CPU.Build.0 = Release|Any CPU
		{367709C4-4A53-4EDC-9DBE-21F1D4BCDA08}.Debug|Any CPU.ActiveCfg = Debug|Any CPU
		{367709C4-4A53-4EDC-9DBE-21F1D4BCDA08}.Debug|Any CPU.Build.0 = Debug|Any CPU
		{367709C4-4A53-4EDC-9DBE-21F1D4BCDA08}.Release|Any CPU.ActiveCfg = Release|Any CPU
		{367709C4-4A53-4EDC-9DBE-21F1D4BCDA08}.Release|Any CPU.Build.0 = Release|Any CPU
		{02DF5D8A-8848-4108-B7AD-0A26319D6726}.Debug|Any CPU.ActiveCfg = Debug|Any CPU
		{02DF5D8A-8848-4108-B7AD-0A26319D6726}.Debug|Any CPU.Build.0 = Debug|Any CPU
		{02DF5D8A-8848-4108-B7AD-0A26319D6726}.Release|Any CPU.ActiveCfg = Release|Any CPU
		{02DF5D8A-8848-4108-B7AD-0A26319D6726}.Release|Any CPU.Build.0 = Release|Any CPU
		{8964E5F8-4241-4729-9A3B-CFB4930725E8}.Debug|Any CPU.ActiveCfg = Debug|Any CPU
		{8964E5F8-4241-4729-9A3B-CFB4930725E8}.Debug|Any CPU.Build.0 = Debug|Any CPU
		{8964E5F8-4241-4729-9A3B-CFB4930725E8}.Release|Any CPU.ActiveCfg = Release|Any CPU
		{8964E5F8-4241-4729-9A3B-CFB4930725E8}.Release|Any CPU.Build.0 = Release|Any CPU
		{098A381F-5261-455B-BC4C-B3532BCB9CD8}.Debug|Any CPU.ActiveCfg = Debug|Any CPU
		{098A381F-5261-455B-BC4C-B3532BCB9CD8}.Debug|Any CPU.Build.0 = Debug|Any CPU
		{098A381F-5261-455B-BC4C-B3532BCB9CD8}.Release|Any CPU.ActiveCfg = Release|Any CPU
		{098A381F-5261-455B-BC4C-B3532BCB9CD8}.Release|Any CPU.Build.0 = Release|Any CPU
		{0D6A1B49-6BB3-4905-A232-4F124FE0F50B}.Debug|Any CPU.ActiveCfg = Debug|Any CPU
		{0D6A1B49-6BB3-4905-A232-4F124FE0F50B}.Debug|Any CPU.Build.0 = Debug|Any CPU
		{0D6A1B49-6BB3-4905-A232-4F124FE0F50B}.Release|Any CPU.ActiveCfg = Release|Any CPU
		{0D6A1B49-6BB3-4905-A232-4F124FE0F50B}.Release|Any CPU.Build.0 = Release|Any CPU
		{BB6B5915-5289-4BD5-81E1-BA8C9F4739C0}.Debug|Any CPU.ActiveCfg = Debug|Any CPU
		{BB6B5915-5289-4BD5-81E1-BA8C9F4739C0}.Debug|Any CPU.Build.0 = Debug|Any CPU
		{BB6B5915-5289-4BD5-81E1-BA8C9F4739C0}.Release|Any CPU.ActiveCfg = Release|Any CPU
		{BB6B5915-5289-4BD5-81E1-BA8C9F4739C0}.Release|Any CPU.Build.0 = Release|Any CPU
		{B3AC013D-4E49-4CE4-BB35-D870CB44CBF4}.Debug|Any CPU.ActiveCfg = Debug|Any CPU
		{B3AC013D-4E49-4CE4-BB35-D870CB44CBF4}.Debug|Any CPU.Build.0 = Debug|Any CPU
		{B3AC013D-4E49-4CE4-BB35-D870CB44CBF4}.Release|Any CPU.ActiveCfg = Release|Any CPU
		{B3AC013D-4E49-4CE4-BB35-D870CB44CBF4}.Release|Any CPU.Build.0 = Release|Any CPU
		{F335C958-8AF9-41DC-A916-1CC47E02C6B8}.Debug|Any CPU.ActiveCfg = Debug|Any CPU
		{F335C958-8AF9-41DC-A916-1CC47E02C6B8}.Debug|Any CPU.Build.0 = Debug|Any CPU
		{F335C958-8AF9-41DC-A916-1CC47E02C6B8}.Release|Any CPU.ActiveCfg = Release|Any CPU
		{F335C958-8AF9-41DC-A916-1CC47E02C6B8}.Release|Any CPU.Build.0 = Release|Any CPU
		{9A872B66-D357-479E-89F5-527782F96FB7}.Debug|Any CPU.ActiveCfg = Debug|Any CPU
		{9A872B66-D357-479E-89F5-527782F96FB7}.Debug|Any CPU.Build.0 = Debug|Any CPU
		{9A872B66-D357-479E-89F5-527782F96FB7}.Release|Any CPU.ActiveCfg = Release|Any CPU
		{9A872B66-D357-479E-89F5-527782F96FB7}.Release|Any CPU.Build.0 = Release|Any CPU
		{94738D9A-BA04-46A6-9469-F196AC8A5983}.Debug|Any CPU.ActiveCfg = Debug|Any CPU
		{94738D9A-BA04-46A6-9469-F196AC8A5983}.Debug|Any CPU.Build.0 = Debug|Any CPU
		{94738D9A-BA04-46A6-9469-F196AC8A5983}.Release|Any CPU.ActiveCfg = Release|Any CPU
		{94738D9A-BA04-46A6-9469-F196AC8A5983}.Release|Any CPU.Build.0 = Release|Any CPU
		{C7B72BFF-5F62-4964-B18C-F8E532950875}.Debug|Any CPU.ActiveCfg = Debug|Any CPU
		{C7B72BFF-5F62-4964-B18C-F8E532950875}.Debug|Any CPU.Build.0 = Debug|Any CPU
		{C7B72BFF-5F62-4964-B18C-F8E532950875}.Release|Any CPU.ActiveCfg = Release|Any CPU
		{C7B72BFF-5F62-4964-B18C-F8E532950875}.Release|Any CPU.Build.0 = Release|Any CPU
		{F3F3D8F9-4AA5-4D2B-AC76-793BFFE8936C}.Debug|Any CPU.ActiveCfg = Debug|Any CPU
		{F3F3D8F9-4AA5-4D2B-AC76-793BFFE8936C}.Debug|Any CPU.Build.0 = Debug|Any CPU
		{F3F3D8F9-4AA5-4D2B-AC76-793BFFE8936C}.Release|Any CPU.ActiveCfg = Release|Any CPU
		{F3F3D8F9-4AA5-4D2B-AC76-793BFFE8936C}.Release|Any CPU.Build.0 = Release|Any CPU
		{61FD0771-C86A-4483-A1EF-B987A995E040}.Debug|Any CPU.ActiveCfg = Debug|Any CPU
		{61FD0771-C86A-4483-A1EF-B987A995E040}.Debug|Any CPU.Build.0 = Debug|Any CPU
		{61FD0771-C86A-4483-A1EF-B987A995E040}.Release|Any CPU.ActiveCfg = Release|Any CPU
		{61FD0771-C86A-4483-A1EF-B987A995E040}.Release|Any CPU.Build.0 = Release|Any CPU
		{AF515826-61F4-4758-A4BE-B10467AF0617}.Debug|Any CPU.ActiveCfg = Debug|Any CPU
		{AF515826-61F4-4758-A4BE-B10467AF0617}.Debug|Any CPU.Build.0 = Debug|Any CPU
		{AF515826-61F4-4758-A4BE-B10467AF0617}.Release|Any CPU.ActiveCfg = Release|Any CPU
		{AF515826-61F4-4758-A4BE-B10467AF0617}.Release|Any CPU.Build.0 = Release|Any CPU
		{A52DA557-5AD9-45F3-8F6F-7E4DC5D3BE3B}.Debug|Any CPU.ActiveCfg = Debug|Any CPU
		{A52DA557-5AD9-45F3-8F6F-7E4DC5D3BE3B}.Debug|Any CPU.Build.0 = Debug|Any CPU
		{A52DA557-5AD9-45F3-8F6F-7E4DC5D3BE3B}.Release|Any CPU.ActiveCfg = Release|Any CPU
		{A52DA557-5AD9-45F3-8F6F-7E4DC5D3BE3B}.Release|Any CPU.Build.0 = Release|Any CPU
		{4297F3B2-9B3C-446D-8736-77A8E9AE2FBA}.Debug|Any CPU.ActiveCfg = Debug|Any CPU
		{4297F3B2-9B3C-446D-8736-77A8E9AE2FBA}.Debug|Any CPU.Build.0 = Debug|Any CPU
		{4297F3B2-9B3C-446D-8736-77A8E9AE2FBA}.Release|Any CPU.ActiveCfg = Release|Any CPU
		{4297F3B2-9B3C-446D-8736-77A8E9AE2FBA}.Release|Any CPU.Build.0 = Release|Any CPU
		{5523C091-A03B-41B0-A509-AC3C07B161CD}.Debug|Any CPU.ActiveCfg = Debug|Any CPU
		{5523C091-A03B-41B0-A509-AC3C07B161CD}.Debug|Any CPU.Build.0 = Debug|Any CPU
		{5523C091-A03B-41B0-A509-AC3C07B161CD}.Release|Any CPU.ActiveCfg = Release|Any CPU
		{5523C091-A03B-41B0-A509-AC3C07B161CD}.Release|Any CPU.Build.0 = Release|Any CPU
		{48F0995C-E319-4345-B1F7-07DA00F9568E}.Debug|Any CPU.ActiveCfg = Debug|Any CPU
		{48F0995C-E319-4345-B1F7-07DA00F9568E}.Debug|Any CPU.Build.0 = Debug|Any CPU
		{48F0995C-E319-4345-B1F7-07DA00F9568E}.Release|Any CPU.ActiveCfg = Release|Any CPU
		{48F0995C-E319-4345-B1F7-07DA00F9568E}.Release|Any CPU.Build.0 = Release|Any CPU
	EndGlobalSection
	GlobalSection(SolutionProperties) = preSolution
		HideSolutionNode = FALSE
	EndGlobalSection
	GlobalSection(ExtensibilityGlobals) = postSolution
		SolutionGuid = {E5C6DCC7-51B3-4319-AD35-1B8538CC6F76}
	EndGlobalSection
EndGlobal
