
Microsoft Visual Studio Solution File, Format Version 12.00
# Visual Studio Version 17
VisualStudioVersion = 17.2.32630.192
MinimumVisualStudioVersion = 10.0.40219.1
Project("{9A19103F-16F7-4668-BE54-9A1E7A4F7556}") = "R5T.F0075.Construction", "R5T.F0075.Construction\R5T.F0075.Construction.csproj", "{0E5DD999-945A-4AC1-9357-395215603B51}"
EndProject
Project("{9A19103F-16F7-4668-BE54-9A1E7A4F7556}") = "R5T.F0075", "R5T.F0075\R5T.F0075.csproj", "{367709C4-4A53-4EDC-9DBE-21F1D4BCDA08}"
EndProject
Global
	GlobalSection(SolutionConfigurationPlatforms) = preSolution
		Debug|Any CPU = Debug|Any CPU
		Release|Any CPU = Release|Any CPU
	EndGlobalSection
	GlobalSection(ProjectConfigurationPlatforms) = postSolution
		{0E5DD999-945A-4AC1-9357-395215603B51}.Debug|Any CPU.ActiveCfg = Debug|Any CPU
		{0E5DD999-945A-4AC1-9357-395215603B51}.Debug|Any CPU.Build.0 = Debug|Any CPU
		{0E5DD999-945A-4AC1-9357-395215603B51}.Release|Any CPU.ActiveCfg = Release|Any CPU
		{0E5DD999-945A-4AC1-9357-395215603B51}.Release|Any CPU.Build.0 = Release|Any CPU
		{367709C4-4A53-4EDC-9DBE-21F1D4BCDA08}.Debug|Any CPU.ActiveCfg = Debug|Any CPU
		{367709C4-4A53-4EDC-9DBE-21F1D4BCDA08}.Debug|Any CPU.Build.0 = Debug|Any CPU
		{367709C4-4A53-4EDC-9DBE-21F1D4BCDA08}.Release|Any CPU.ActiveCfg = Release|Any CPU
		{367709C4-4A53-4EDC-9DBE-21F1D4BCDA08}.Release|Any CPU.Build.0 = Release|Any CPU
	EndGlobalSection
	GlobalSection(SolutionProperties) = preSolution
		HideSolutionNode = FALSE
	EndGlobalSection
	GlobalSection(ExtensibilityGlobals) = postSolution
		SolutionGuid = {E5C6DCC7-51B3-4319-AD35-1B8538CC6F76}
	EndGlobalSection
EndGlobal
